
Microsoft Visual Studio Solution File, Format Version 12.00
# Visual Studio Version 16
VisualStudioVersion = 16.0.30413.136
MinimumVisualStudioVersion = 10.0.40219.1
Project("{FAE04EC0-301F-11D3-BF4B-00C04F79EFBC}") = "Broker", "Broker\Broker.csproj", "{5E1EF69D-DC0C-468D-AD25-C57BD493A72A}"
EndProject
Project("{FAE04EC0-301F-11D3-BF4B-00C04F79EFBC}") = "Common", "Common\Common.csproj", "{9C5E94E4-300B-48EA-B8CA-F8B2AFDF302B}"
EndProject
Project("{FAE04EC0-301F-11D3-BF4B-00C04F79EFBC}") = "Sender", "Sender\Sender.csproj", "{A6F76FB2-FC62-4E47-8929-4DA61D08D7EE}"
EndProject
Global
	GlobalSection(SolutionConfigurationPlatforms) = preSolution
		Debug|Any CPU = Debug|Any CPU
		Release|Any CPU = Release|Any CPU
	EndGlobalSection
	GlobalSection(ProjectConfigurationPlatforms) = postSolution
		{5E1EF69D-DC0C-468D-AD25-C57BD493A72A}.Debug|Any CPU.ActiveCfg = Debug|Any CPU
		{5E1EF69D-DC0C-468D-AD25-C57BD493A72A}.Debug|Any CPU.Build.0 = Debug|Any CPU
		{5E1EF69D-DC0C-468D-AD25-C57BD493A72A}.Release|Any CPU.ActiveCfg = Release|Any CPU
		{5E1EF69D-DC0C-468D-AD25-C57BD493A72A}.Release|Any CPU.Build.0 = Release|Any CPU
		{9C5E94E4-300B-48EA-B8CA-F8B2AFDF302B}.Debug|Any CPU.ActiveCfg = Debug|Any CPU
		{9C5E94E4-300B-48EA-B8CA-F8B2AFDF302B}.Debug|Any CPU.Build.0 = Debug|Any CPU
		{9C5E94E4-300B-48EA-B8CA-F8B2AFDF302B}.Release|Any CPU.ActiveCfg = Release|Any CPU
		{9C5E94E4-300B-48EA-B8CA-F8B2AFDF302B}.Release|Any CPU.Build.0 = Release|Any CPU
		{A6F76FB2-FC62-4E47-8929-4DA61D08D7EE}.Debug|Any CPU.ActiveCfg = Debug|Any CPU
		{A6F76FB2-FC62-4E47-8929-4DA61D08D7EE}.Debug|Any CPU.Build.0 = Debug|Any CPU
		{A6F76FB2-FC62-4E47-8929-4DA61D08D7EE}.Release|Any CPU.ActiveCfg = Release|Any CPU
		{A6F76FB2-FC62-4E47-8929-4DA61D08D7EE}.Release|Any CPU.Build.0 = Release|Any CPU
	EndGlobalSection
	GlobalSection(SolutionProperties) = preSolution
		HideSolutionNode = FALSE
	EndGlobalSection
	GlobalSection(ExtensibilityGlobals) = postSolution
		SolutionGuid = {4D9B3DBB-D8A4-4AED-93F8-C2BC9D53F8E1}
	EndGlobalSection
EndGlobal
